
Microsoft Visual Studio Solution File, Format Version 12.00
# Visual Studio 2013
VisualStudioVersion = 12.0.21005.1
MinimumVisualStudioVersion = 10.0.40219.1
Project("{FAE04EC0-301F-11D3-BF4B-00C04F79EFBC}") = "xPlora.Core", "xPlora.Core\xPlora.Core.csproj", "{FEF84DF6-0056-41F2-94A2-3FC13335DC30}"
EndProject
Project("{FAE04EC0-301F-11D3-BF4B-00C04F79EFBC}") = "xPlora.UI", "xPlora.UI\xPlora.UI.csproj", "{F02DA938-6CC8-4012-8F6F-6C1F2208CB71}"
EndProject
Project("{FAE04EC0-301F-11D3-BF4B-00C04F79EFBC}") = "xPlora.GoogleNewsCrawler", "xPlora.GoogleNewsCrawler\xPlora.GoogleNewsCrawler.csproj", "{4ABF1C70-74B2-4A75-95EF-BCEAE537B779}"
EndProject
Project("{FAE04EC0-301F-11D3-BF4B-00C04F79EFBC}") = "CSharpTest.Net.Collections", "CSharpTest.Net.Collections\CSharpTest.Net.Collections.csproj", "{FBD5EDD1-445C-46D1-A0B2-4B68CB51EADB}"
EndProject
Global
	GlobalSection(SolutionConfigurationPlatforms) = preSolution
		Debug|Any CPU = Debug|Any CPU
		Release|Any CPU = Release|Any CPU
	EndGlobalSection
	GlobalSection(ProjectConfigurationPlatforms) = postSolution
		{FEF84DF6-0056-41F2-94A2-3FC13335DC30}.Debug|Any CPU.ActiveCfg = Debug|Any CPU
		{FEF84DF6-0056-41F2-94A2-3FC13335DC30}.Debug|Any CPU.Build.0 = Debug|Any CPU
		{FEF84DF6-0056-41F2-94A2-3FC13335DC30}.Release|Any CPU.ActiveCfg = Release|Any CPU
		{FEF84DF6-0056-41F2-94A2-3FC13335DC30}.Release|Any CPU.Build.0 = Release|Any CPU
		{F02DA938-6CC8-4012-8F6F-6C1F2208CB71}.Debug|Any CPU.ActiveCfg = Debug|Any CPU
		{F02DA938-6CC8-4012-8F6F-6C1F2208CB71}.Debug|Any CPU.Build.0 = Debug|Any CPU
		{F02DA938-6CC8-4012-8F6F-6C1F2208CB71}.Release|Any CPU.ActiveCfg = Release|Any CPU
		{F02DA938-6CC8-4012-8F6F-6C1F2208CB71}.Release|Any CPU.Build.0 = Release|Any CPU
		{4ABF1C70-74B2-4A75-95EF-BCEAE537B779}.Debug|Any CPU.ActiveCfg = Debug|Any CPU
		{4ABF1C70-74B2-4A75-95EF-BCEAE537B779}.Debug|Any CPU.Build.0 = Debug|Any CPU
		{4ABF1C70-74B2-4A75-95EF-BCEAE537B779}.Release|Any CPU.ActiveCfg = Release|Any CPU
		{4ABF1C70-74B2-4A75-95EF-BCEAE537B779}.Release|Any CPU.Build.0 = Release|Any CPU
		{FBD5EDD1-445C-46D1-A0B2-4B68CB51EADB}.Debug|Any CPU.ActiveCfg = Debug|Any CPU
		{FBD5EDD1-445C-46D1-A0B2-4B68CB51EADB}.Debug|Any CPU.Build.0 = Debug|Any CPU
		{FBD5EDD1-445C-46D1-A0B2-4B68CB51EADB}.Release|Any CPU.ActiveCfg = Release|Any CPU
		{FBD5EDD1-445C-46D1-A0B2-4B68CB51EADB}.Release|Any CPU.Build.0 = Release|Any CPU
	EndGlobalSection
	GlobalSection(SolutionProperties) = preSolution
		HideSolutionNode = FALSE
	EndGlobalSection
EndGlobal
